
Microsoft Visual Studio Solution File, Format Version 12.00
# Visual Studio 15
VisualStudioVersion = 15.0.28010.2050
MinimumVisualStudioVersion = 10.0.40219.1
Project("{FAE04EC0-301F-11D3-BF4B-00C04F79EFBC}") = "Sum Adjacent Equal Numbers", "Sum Adjacent Equal Numbers\Sum Adjacent Equal Numbers.csproj", "{64CB7EA0-E7B1-4BF1-99DE-70539352CAB9}"
EndProject
Project("{FAE04EC0-301F-11D3-BF4B-00C04F79EFBC}") = "Gauss' Trick", "Gauss' Trick\Gauss' Trick.csproj", "{83B79D95-3538-42AB-80D0-0B1F0D210C5B}"
EndProject
Project("{FAE04EC0-301F-11D3-BF4B-00C04F79EFBC}") = "Merging Lists", "Merging Lists\Merging Lists.csproj", "{81E98D7A-F4C5-4479-967C-6044B55BC73E}"
EndProject
Project("{FAE04EC0-301F-11D3-BF4B-00C04F79EFBC}") = "List of Products", "List of Products\List of Products.csproj", "{8F3E9005-8B08-428D-ABC9-3DB248ED7B29}"
EndProject
Project("{FAE04EC0-301F-11D3-BF4B-00C04F79EFBC}") = "Remove Negatives and Reverse", "Remove Negatives and Reverse\Remove Negatives and Reverse.csproj", "{DF83FEE4-A815-44E2-8C8B-9E5A43033EF9}"
EndProject
Project("{FAE04EC0-301F-11D3-BF4B-00C04F79EFBC}") = "List Manipulation Basics", "List Manipulation Basics\List Manipulation Basics.csproj", "{7C0A035B-EE54-42C0-9D47-37FF995AD463}"
EndProject
Project("{FAE04EC0-301F-11D3-BF4B-00C04F79EFBC}") = "List Manipulation Advanced", "List Manipulation Advanced\List Manipulation Advanced.csproj", "{C322696D-0C74-4964-994F-5A9D151A11CF}"
EndProject
Global
	GlobalSection(SolutionConfigurationPlatforms) = preSolution
		Debug|Any CPU = Debug|Any CPU
		Release|Any CPU = Release|Any CPU
	EndGlobalSection
	GlobalSection(ProjectConfigurationPlatforms) = postSolution
		{64CB7EA0-E7B1-4BF1-99DE-70539352CAB9}.Debug|Any CPU.ActiveCfg = Debug|Any CPU
		{64CB7EA0-E7B1-4BF1-99DE-70539352CAB9}.Debug|Any CPU.Build.0 = Debug|Any CPU
		{64CB7EA0-E7B1-4BF1-99DE-70539352CAB9}.Release|Any CPU.ActiveCfg = Release|Any CPU
		{64CB7EA0-E7B1-4BF1-99DE-70539352CAB9}.Release|Any CPU.Build.0 = Release|Any CPU
		{83B79D95-3538-42AB-80D0-0B1F0D210C5B}.Debug|Any CPU.ActiveCfg = Debug|Any CPU
		{83B79D95-3538-42AB-80D0-0B1F0D210C5B}.Debug|Any CPU.Build.0 = Debug|Any CPU
		{83B79D95-3538-42AB-80D0-0B1F0D210C5B}.Release|Any CPU.ActiveCfg = Release|Any CPU
		{83B79D95-3538-42AB-80D0-0B1F0D210C5B}.Release|Any CPU.Build.0 = Release|Any CPU
		{81E98D7A-F4C5-4479-967C-6044B55BC73E}.Debug|Any CPU.ActiveCfg = Debug|Any CPU
		{81E98D7A-F4C5-4479-967C-6044B55BC73E}.Debug|Any CPU.Build.0 = Debug|Any CPU
		{81E98D7A-F4C5-4479-967C-6044B55BC73E}.Release|Any CPU.ActiveCfg = Release|Any CPU
		{81E98D7A-F4C5-4479-967C-6044B55BC73E}.Release|Any CPU.Build.0 = Release|Any CPU
		{8F3E9005-8B08-428D-ABC9-3DB248ED7B29}.Debug|Any CPU.ActiveCfg = Debug|Any CPU
		{8F3E9005-8B08-428D-ABC9-3DB248ED7B29}.Debug|Any CPU.Build.0 = Debug|Any CPU
		{8F3E9005-8B08-428D-ABC9-3DB248ED7B29}.Release|Any CPU.ActiveCfg = Release|Any CPU
		{8F3E9005-8B08-428D-ABC9-3DB248ED7B29}.Release|Any CPU.Build.0 = Release|Any CPU
		{DF83FEE4-A815-44E2-8C8B-9E5A43033EF9}.Debug|Any CPU.ActiveCfg = Debug|Any CPU
		{DF83FEE4-A815-44E2-8C8B-9E5A43033EF9}.Debug|Any CPU.Build.0 = Debug|Any CPU
		{DF83FEE4-A815-44E2-8C8B-9E5A43033EF9}.Release|Any CPU.ActiveCfg = Release|Any CPU
		{DF83FEE4-A815-44E2-8C8B-9E5A43033EF9}.Release|Any CPU.Build.0 = Release|Any CPU
		{7C0A035B-EE54-42C0-9D47-37FF995AD463}.Debug|Any CPU.ActiveCfg = Debug|Any CPU
		{7C0A035B-EE54-42C0-9D47-37FF995AD463}.Debug|Any CPU.Build.0 = Debug|Any CPU
		{7C0A035B-EE54-42C0-9D47-37FF995AD463}.Release|Any CPU.ActiveCfg = Release|Any CPU
		{7C0A035B-EE54-42C0-9D47-37FF995AD463}.Release|Any CPU.Build.0 = Release|Any CPU
		{C322696D-0C74-4964-994F-5A9D151A11CF}.Debug|Any CPU.ActiveCfg = Debug|Any CPU
		{C322696D-0C74-4964-994F-5A9D151A11CF}.Debug|Any CPU.Build.0 = Debug|Any CPU
		{C322696D-0C74-4964-994F-5A9D151A11CF}.Release|Any CPU.ActiveCfg = Release|Any CPU
		{C322696D-0C74-4964-994F-5A9D151A11CF}.Release|Any CPU.Build.0 = Release|Any CPU
	EndGlobalSection
	GlobalSection(SolutionProperties) = preSolution
		HideSolutionNode = FALSE
	EndGlobalSection
	GlobalSection(ExtensibilityGlobals) = postSolution
		SolutionGuid = {CC2E3E85-1E9A-4263-AB62-7F252AFF984D}
	EndGlobalSection
EndGlobal
