
Microsoft Visual Studio Solution File, Format Version 12.00
# Visual Studio 15
VisualStudioVersion = 15.0.28010.2050
MinimumVisualStudioVersion = 10.0.40219.1
Project("{9A19103F-16F7-4668-BE54-9A1E7A4F7556}") = "Raw Data", "Raw Data\Raw Data.csproj", "{7921C9BF-E1C4-4CFF-8F90-2C25C7D4F4E1}"
EndProject
Project("{FAE04EC0-301F-11D3-BF4B-00C04F79EFBC}") = "CarSalesman", "CarSalesman\CarSalesman.csproj", "{57D3F6CB-4FC1-49FF-8101-47225B797F0A}"
EndProject
Project("{FAE04EC0-301F-11D3-BF4B-00C04F79EFBC}") = "Jedi Galaxy", "Jedi Galaxy\Jedi Galaxy.csproj", "{A085B3FE-9FD9-486A-9F15-0F4E96BFD623}"
EndProject
Project("{FAE04EC0-301F-11D3-BF4B-00C04F79EFBC}") = "Hospital", "Hospital\Hospital.csproj", "{1AC7A62F-5789-4781-9EAE-248C251516D5}"
EndProject
Global
	GlobalSection(SolutionConfigurationPlatforms) = preSolution
		Debug|Any CPU = Debug|Any CPU
		Release|Any CPU = Release|Any CPU
	EndGlobalSection
	GlobalSection(ProjectConfigurationPlatforms) = postSolution
		{7921C9BF-E1C4-4CFF-8F90-2C25C7D4F4E1}.Debug|Any CPU.ActiveCfg = Debug|Any CPU
		{7921C9BF-E1C4-4CFF-8F90-2C25C7D4F4E1}.Debug|Any CPU.Build.0 = Debug|Any CPU
		{7921C9BF-E1C4-4CFF-8F90-2C25C7D4F4E1}.Release|Any CPU.ActiveCfg = Release|Any CPU
		{7921C9BF-E1C4-4CFF-8F90-2C25C7D4F4E1}.Release|Any CPU.Build.0 = Release|Any CPU
		{57D3F6CB-4FC1-49FF-8101-47225B797F0A}.Debug|Any CPU.ActiveCfg = Debug|Any CPU
		{57D3F6CB-4FC1-49FF-8101-47225B797F0A}.Debug|Any CPU.Build.0 = Debug|Any CPU
		{57D3F6CB-4FC1-49FF-8101-47225B797F0A}.Release|Any CPU.ActiveCfg = Release|Any CPU
		{57D3F6CB-4FC1-49FF-8101-47225B797F0A}.Release|Any CPU.Build.0 = Release|Any CPU
		{A085B3FE-9FD9-486A-9F15-0F4E96BFD623}.Debug|Any CPU.ActiveCfg = Debug|Any CPU
		{A085B3FE-9FD9-486A-9F15-0F4E96BFD623}.Debug|Any CPU.Build.0 = Debug|Any CPU
		{A085B3FE-9FD9-486A-9F15-0F4E96BFD623}.Release|Any CPU.ActiveCfg = Release|Any CPU
		{A085B3FE-9FD9-486A-9F15-0F4E96BFD623}.Release|Any CPU.Build.0 = Release|Any CPU
		{1AC7A62F-5789-4781-9EAE-248C251516D5}.Debug|Any CPU.ActiveCfg = Debug|Any CPU
		{1AC7A62F-5789-4781-9EAE-248C251516D5}.Debug|Any CPU.Build.0 = Debug|Any CPU
		{1AC7A62F-5789-4781-9EAE-248C251516D5}.Release|Any CPU.ActiveCfg = Release|Any CPU
		{1AC7A62F-5789-4781-9EAE-248C251516D5}.Release|Any CPU.Build.0 = Release|Any CPU
	EndGlobalSection
	GlobalSection(SolutionProperties) = preSolution
		HideSolutionNode = FALSE
	EndGlobalSection
	GlobalSection(ExtensibilityGlobals) = postSolution
		SolutionGuid = {743B4D37-2432-43CA-9EC2-EB21240051F9}
	EndGlobalSection
EndGlobal
