
Microsoft Visual Studio Solution File, Format Version 12.00
# Visual Studio 15
VisualStudioVersion = 15.0.28010.2050
MinimumVisualStudioVersion = 10.0.40219.1
Project("{9A19103F-16F7-4668-BE54-9A1E7A4F7556}") = "Shapes", "Shapes\Shapes.csproj", "{1061C411-4D43-49F0-9E45-982D96BCA745}"
EndProject
Project("{FAE04EC0-301F-11D3-BF4B-00C04F79EFBC}") = "Cars", "Cars\Cars.csproj", "{BAFF4A26-FB66-4941-8144-2BDCF41D791A}"
EndProject
Global
	GlobalSection(SolutionConfigurationPlatforms) = preSolution
		Debug|Any CPU = Debug|Any CPU
		Release|Any CPU = Release|Any CPU
	EndGlobalSection
	GlobalSection(ProjectConfigurationPlatforms) = postSolution
		{1061C411-4D43-49F0-9E45-982D96BCA745}.Debug|Any CPU.ActiveCfg = Debug|Any CPU
		{1061C411-4D43-49F0-9E45-982D96BCA745}.Debug|Any CPU.Build.0 = Debug|Any CPU
		{1061C411-4D43-49F0-9E45-982D96BCA745}.Release|Any CPU.ActiveCfg = Release|Any CPU
		{1061C411-4D43-49F0-9E45-982D96BCA745}.Release|Any CPU.Build.0 = Release|Any CPU
		{BAFF4A26-FB66-4941-8144-2BDCF41D791A}.Debug|Any CPU.ActiveCfg = Debug|Any CPU
		{BAFF4A26-FB66-4941-8144-2BDCF41D791A}.Debug|Any CPU.Build.0 = Debug|Any CPU
		{BAFF4A26-FB66-4941-8144-2BDCF41D791A}.Release|Any CPU.ActiveCfg = Release|Any CPU
		{BAFF4A26-FB66-4941-8144-2BDCF41D791A}.Release|Any CPU.Build.0 = Release|Any CPU
	EndGlobalSection
	GlobalSection(SolutionProperties) = preSolution
		HideSolutionNode = FALSE
	EndGlobalSection
	GlobalSection(ExtensibilityGlobals) = postSolution
		SolutionGuid = {8526D92C-0D69-4C9A-995C-A8DF186BEBC1}
	EndGlobalSection
EndGlobal
