
Microsoft Visual Studio Solution File, Format Version 12.00
# Visual Studio 15
VisualStudioVersion = 15.0.28010.2050
MinimumVisualStudioVersion = 10.0.40219.1
Project("{FAE04EC0-301F-11D3-BF4B-00C04F79EFBC}") = "Train", "Train\Train.csproj", "{DC59C85C-D912-4AAE-850C-8DBD8BB91DD1}"
EndProject
Project("{FAE04EC0-301F-11D3-BF4B-00C04F79EFBC}") = "Common Elements", "Common Elements\Common Elements.csproj", "{55A0D673-11ED-4106-9FC8-7E89B3798441}"
EndProject
Project("{FAE04EC0-301F-11D3-BF4B-00C04F79EFBC}") = "Zig-Zag Arrays", "Zig-Zag Arrays\Zig-Zag Arrays.csproj", "{113120A0-1F15-429C-B547-2982EB152FBD}"
EndProject
Project("{FAE04EC0-301F-11D3-BF4B-00C04F79EFBC}") = "Array Rotation", "Array Rotation\Array Rotation.csproj", "{1E9D3254-F481-425A-9C69-9DC979A08404}"
EndProject
Project("{FAE04EC0-301F-11D3-BF4B-00C04F79EFBC}") = "Top Integers", "Top Integers\Top Integers.csproj", "{C6CC0E89-3B0E-4C48-8D61-26086BA0B000}"
EndProject
Project("{FAE04EC0-301F-11D3-BF4B-00C04F79EFBC}") = "Equal Sum", "Equal Sum\Equal Sum.csproj", "{EED6B643-C34A-4261-9C5F-FA89D581F91F}"
EndProject
Project("{FAE04EC0-301F-11D3-BF4B-00C04F79EFBC}") = "Max Sequence of Equal Elements", "Max Sequence of Equal Elements\Max Sequence of Equal Elements.csproj", "{B3745C4D-A421-4D43-B656-7D3E34E3CA50}"
EndProject
Project("{FAE04EC0-301F-11D3-BF4B-00C04F79EFBC}") = "Magic Sum", "Magic Sum\Magic Sum.csproj", "{B81EC1C2-CC37-404C-8D74-6528121D5139}"
EndProject
Project("{FAE04EC0-301F-11D3-BF4B-00C04F79EFBC}") = "Kamino Factory", "Kamino Factory\Kamino Factory.csproj", "{36A92C8F-636A-4768-9B6E-F99A63D7311B}"
EndProject
Project("{FAE04EC0-301F-11D3-BF4B-00C04F79EFBC}") = "LadyBugs", "LadyBugs\LadyBugs.csproj", "{DF429012-B8AF-4C7C-AEB7-507388042833}"
EndProject
Project("{FAE04EC0-301F-11D3-BF4B-00C04F79EFBC}") = "LadyBugs1", "LadyBugs1\LadyBugs1.csproj", "{050E0A2A-1D6A-4638-AA6C-2D6A47322896}"
EndProject
Global
	GlobalSection(SolutionConfigurationPlatforms) = preSolution
		Debug|Any CPU = Debug|Any CPU
		Release|Any CPU = Release|Any CPU
	EndGlobalSection
	GlobalSection(ProjectConfigurationPlatforms) = postSolution
		{DC59C85C-D912-4AAE-850C-8DBD8BB91DD1}.Debug|Any CPU.ActiveCfg = Debug|Any CPU
		{DC59C85C-D912-4AAE-850C-8DBD8BB91DD1}.Debug|Any CPU.Build.0 = Debug|Any CPU
		{DC59C85C-D912-4AAE-850C-8DBD8BB91DD1}.Release|Any CPU.ActiveCfg = Release|Any CPU
		{DC59C85C-D912-4AAE-850C-8DBD8BB91DD1}.Release|Any CPU.Build.0 = Release|Any CPU
		{55A0D673-11ED-4106-9FC8-7E89B3798441}.Debug|Any CPU.ActiveCfg = Debug|Any CPU
		{55A0D673-11ED-4106-9FC8-7E89B3798441}.Debug|Any CPU.Build.0 = Debug|Any CPU
		{55A0D673-11ED-4106-9FC8-7E89B3798441}.Release|Any CPU.ActiveCfg = Release|Any CPU
		{55A0D673-11ED-4106-9FC8-7E89B3798441}.Release|Any CPU.Build.0 = Release|Any CPU
		{113120A0-1F15-429C-B547-2982EB152FBD}.Debug|Any CPU.ActiveCfg = Debug|Any CPU
		{113120A0-1F15-429C-B547-2982EB152FBD}.Debug|Any CPU.Build.0 = Debug|Any CPU
		{113120A0-1F15-429C-B547-2982EB152FBD}.Release|Any CPU.ActiveCfg = Release|Any CPU
		{113120A0-1F15-429C-B547-2982EB152FBD}.Release|Any CPU.Build.0 = Release|Any CPU
		{1E9D3254-F481-425A-9C69-9DC979A08404}.Debug|Any CPU.ActiveCfg = Debug|Any CPU
		{1E9D3254-F481-425A-9C69-9DC979A08404}.Debug|Any CPU.Build.0 = Debug|Any CPU
		{1E9D3254-F481-425A-9C69-9DC979A08404}.Release|Any CPU.ActiveCfg = Release|Any CPU
		{1E9D3254-F481-425A-9C69-9DC979A08404}.Release|Any CPU.Build.0 = Release|Any CPU
		{C6CC0E89-3B0E-4C48-8D61-26086BA0B000}.Debug|Any CPU.ActiveCfg = Debug|Any CPU
		{C6CC0E89-3B0E-4C48-8D61-26086BA0B000}.Debug|Any CPU.Build.0 = Debug|Any CPU
		{C6CC0E89-3B0E-4C48-8D61-26086BA0B000}.Release|Any CPU.ActiveCfg = Release|Any CPU
		{C6CC0E89-3B0E-4C48-8D61-26086BA0B000}.Release|Any CPU.Build.0 = Release|Any CPU
		{EED6B643-C34A-4261-9C5F-FA89D581F91F}.Debug|Any CPU.ActiveCfg = Debug|Any CPU
		{EED6B643-C34A-4261-9C5F-FA89D581F91F}.Debug|Any CPU.Build.0 = Debug|Any CPU
		{EED6B643-C34A-4261-9C5F-FA89D581F91F}.Release|Any CPU.ActiveCfg = Release|Any CPU
		{EED6B643-C34A-4261-9C5F-FA89D581F91F}.Release|Any CPU.Build.0 = Release|Any CPU
		{B3745C4D-A421-4D43-B656-7D3E34E3CA50}.Debug|Any CPU.ActiveCfg = Debug|Any CPU
		{B3745C4D-A421-4D43-B656-7D3E34E3CA50}.Debug|Any CPU.Build.0 = Debug|Any CPU
		{B3745C4D-A421-4D43-B656-7D3E34E3CA50}.Release|Any CPU.ActiveCfg = Release|Any CPU
		{B3745C4D-A421-4D43-B656-7D3E34E3CA50}.Release|Any CPU.Build.0 = Release|Any CPU
		{B81EC1C2-CC37-404C-8D74-6528121D5139}.Debug|Any CPU.ActiveCfg = Debug|Any CPU
		{B81EC1C2-CC37-404C-8D74-6528121D5139}.Debug|Any CPU.Build.0 = Debug|Any CPU
		{B81EC1C2-CC37-404C-8D74-6528121D5139}.Release|Any CPU.ActiveCfg = Release|Any CPU
		{B81EC1C2-CC37-404C-8D74-6528121D5139}.Release|Any CPU.Build.0 = Release|Any CPU
		{36A92C8F-636A-4768-9B6E-F99A63D7311B}.Debug|Any CPU.ActiveCfg = Debug|Any CPU
		{36A92C8F-636A-4768-9B6E-F99A63D7311B}.Debug|Any CPU.Build.0 = Debug|Any CPU
		{36A92C8F-636A-4768-9B6E-F99A63D7311B}.Release|Any CPU.ActiveCfg = Release|Any CPU
		{36A92C8F-636A-4768-9B6E-F99A63D7311B}.Release|Any CPU.Build.0 = Release|Any CPU
		{DF429012-B8AF-4C7C-AEB7-507388042833}.Debug|Any CPU.ActiveCfg = Debug|Any CPU
		{DF429012-B8AF-4C7C-AEB7-507388042833}.Debug|Any CPU.Build.0 = Debug|Any CPU
		{DF429012-B8AF-4C7C-AEB7-507388042833}.Release|Any CPU.ActiveCfg = Release|Any CPU
		{DF429012-B8AF-4C7C-AEB7-507388042833}.Release|Any CPU.Build.0 = Release|Any CPU
		{050E0A2A-1D6A-4638-AA6C-2D6A47322896}.Debug|Any CPU.ActiveCfg = Debug|Any CPU
		{050E0A2A-1D6A-4638-AA6C-2D6A47322896}.Debug|Any CPU.Build.0 = Debug|Any CPU
		{050E0A2A-1D6A-4638-AA6C-2D6A47322896}.Release|Any CPU.ActiveCfg = Release|Any CPU
		{050E0A2A-1D6A-4638-AA6C-2D6A47322896}.Release|Any CPU.Build.0 = Release|Any CPU
	EndGlobalSection
	GlobalSection(SolutionProperties) = preSolution
		HideSolutionNode = FALSE
	EndGlobalSection
	GlobalSection(ExtensibilityGlobals) = postSolution
		SolutionGuid = {EB74F017-2B60-4EE5-B36A-22D7F39A90F3}
	EndGlobalSection
EndGlobal
