
Microsoft Visual Studio Solution File, Format Version 12.00
# Visual Studio 15
VisualStudioVersion = 15.0.28010.2050
MinimumVisualStudioVersion = 10.0.40219.1
Project("{FAE04EC0-301F-11D3-BF4B-00C04F79EFBC}") = "1", "1\1.csproj", "{7F7EDBB0-5C36-486E-91E9-1608776CC4D0}"
EndProject
Project("{FAE04EC0-301F-11D3-BF4B-00C04F79EFBC}") = "2", "2\2.csproj", "{80911FCA-2B2D-4AFF-A5EA-80D35D244C92}"
EndProject
Project("{FAE04EC0-301F-11D3-BF4B-00C04F79EFBC}") = "3", "3\3.csproj", "{ED8EA805-9A6C-42E6-B3E8-832FEC83FD76}"
EndProject
Global
	GlobalSection(SolutionConfigurationPlatforms) = preSolution
		Debug|Any CPU = Debug|Any CPU
		Release|Any CPU = Release|Any CPU
	EndGlobalSection
	GlobalSection(ProjectConfigurationPlatforms) = postSolution
		{7F7EDBB0-5C36-486E-91E9-1608776CC4D0}.Debug|Any CPU.ActiveCfg = Debug|Any CPU
		{7F7EDBB0-5C36-486E-91E9-1608776CC4D0}.Debug|Any CPU.Build.0 = Debug|Any CPU
		{7F7EDBB0-5C36-486E-91E9-1608776CC4D0}.Release|Any CPU.ActiveCfg = Release|Any CPU
		{7F7EDBB0-5C36-486E-91E9-1608776CC4D0}.Release|Any CPU.Build.0 = Release|Any CPU
		{80911FCA-2B2D-4AFF-A5EA-80D35D244C92}.Debug|Any CPU.ActiveCfg = Debug|Any CPU
		{80911FCA-2B2D-4AFF-A5EA-80D35D244C92}.Debug|Any CPU.Build.0 = Debug|Any CPU
		{80911FCA-2B2D-4AFF-A5EA-80D35D244C92}.Release|Any CPU.ActiveCfg = Release|Any CPU
		{80911FCA-2B2D-4AFF-A5EA-80D35D244C92}.Release|Any CPU.Build.0 = Release|Any CPU
		{ED8EA805-9A6C-42E6-B3E8-832FEC83FD76}.Debug|Any CPU.ActiveCfg = Debug|Any CPU
		{ED8EA805-9A6C-42E6-B3E8-832FEC83FD76}.Debug|Any CPU.Build.0 = Debug|Any CPU
		{ED8EA805-9A6C-42E6-B3E8-832FEC83FD76}.Release|Any CPU.ActiveCfg = Release|Any CPU
		{ED8EA805-9A6C-42E6-B3E8-832FEC83FD76}.Release|Any CPU.Build.0 = Release|Any CPU
	EndGlobalSection
	GlobalSection(SolutionProperties) = preSolution
		HideSolutionNode = FALSE
	EndGlobalSection
	GlobalSection(ExtensibilityGlobals) = postSolution
		SolutionGuid = {348171B1-BBA2-444F-A09D-D74C803CD36B}
	EndGlobalSection
EndGlobal
