
Microsoft Visual Studio Solution File, Format Version 12.00
# Visual Studio 15
VisualStudioVersion = 15.0.28010.2050
MinimumVisualStudioVersion = 10.0.40219.1
Project("{FAE04EC0-301F-11D3-BF4B-00C04F79EFBC}") = "Action Print", "Action Print\Action Print.csproj", "{CC88C46D-4BE6-4C77-A164-6B3054327EB5}"
EndProject
Project("{FAE04EC0-301F-11D3-BF4B-00C04F79EFBC}") = "Knights of Honor", "Knights of Honor\Knights of Honor.csproj", "{78B7FF6B-6CA6-4AF9-B9A4-8FB0C24AF99A}"
EndProject
Project("{FAE04EC0-301F-11D3-BF4B-00C04F79EFBC}") = "Custom Min Function", "Custom Min Function\Custom Min Function.csproj", "{583101CA-B4B5-486A-AD5C-1E6F153E3E6E}"
EndProject
Project("{FAE04EC0-301F-11D3-BF4B-00C04F79EFBC}") = "Find Evens or Odds", "Find Evens or Odds\Find Evens or Odds.csproj", "{2D13117B-244E-40A8-9C9E-9ACB242C5B60}"
EndProject
Project("{FAE04EC0-301F-11D3-BF4B-00C04F79EFBC}") = "Applied Arithmetics", "Applied Arithmetics\Applied Arithmetics.csproj", "{61E19A42-7A7E-4AB3-9788-B871FCEC3CC4}"
EndProject
Project("{FAE04EC0-301F-11D3-BF4B-00C04F79EFBC}") = "Reverse And Exclude", "Reverse And Exclude\Reverse And Exclude.csproj", "{A903804D-60CC-4458-A28B-1D7B3BF8A447}"
EndProject
Project("{FAE04EC0-301F-11D3-BF4B-00C04F79EFBC}") = "Predicate For Names", "Predicate For Names\Predicate For Names.csproj", "{09D2B9C5-A975-45CF-8C29-E896256746C7}"
EndProject
Project("{FAE04EC0-301F-11D3-BF4B-00C04F79EFBC}") = "Custom Comparator", "Custom Comparator\Custom Comparator.csproj", "{C1063B94-D846-4067-ABC6-4DD6B47C9D17}"
EndProject
Project("{FAE04EC0-301F-11D3-BF4B-00C04F79EFBC}") = "List Of Predicates", "List Of Predicates\List Of Predicates.csproj", "{7C6BE7D7-711B-4308-8E7F-B652064F9A71}"
EndProject
Project("{FAE04EC0-301F-11D3-BF4B-00C04F79EFBC}") = "Predicate Party!", "Predicate Party!\Predicate Party!.csproj", "{F6913F94-2901-4740-A3FE-CBD46842B52C}"
EndProject
Project("{FAE04EC0-301F-11D3-BF4B-00C04F79EFBC}") = "The Party Reservation Filter Module", "The Party Reservation Filter Module\The Party Reservation Filter Module.csproj", "{CEC0C622-2CB1-4CA0-874B-E2EEAE7EA68B}"
EndProject
Project("{FAE04EC0-301F-11D3-BF4B-00C04F79EFBC}") = "TriFunction", "TriFunction\TriFunction.csproj", "{71735DF4-0427-406B-9F78-85B7D3E5643A}"
EndProject
Global
	GlobalSection(SolutionConfigurationPlatforms) = preSolution
		Debug|Any CPU = Debug|Any CPU
		Release|Any CPU = Release|Any CPU
	EndGlobalSection
	GlobalSection(ProjectConfigurationPlatforms) = postSolution
		{CC88C46D-4BE6-4C77-A164-6B3054327EB5}.Debug|Any CPU.ActiveCfg = Debug|Any CPU
		{CC88C46D-4BE6-4C77-A164-6B3054327EB5}.Debug|Any CPU.Build.0 = Debug|Any CPU
		{CC88C46D-4BE6-4C77-A164-6B3054327EB5}.Release|Any CPU.ActiveCfg = Release|Any CPU
		{CC88C46D-4BE6-4C77-A164-6B3054327EB5}.Release|Any CPU.Build.0 = Release|Any CPU
		{78B7FF6B-6CA6-4AF9-B9A4-8FB0C24AF99A}.Debug|Any CPU.ActiveCfg = Debug|Any CPU
		{78B7FF6B-6CA6-4AF9-B9A4-8FB0C24AF99A}.Debug|Any CPU.Build.0 = Debug|Any CPU
		{78B7FF6B-6CA6-4AF9-B9A4-8FB0C24AF99A}.Release|Any CPU.ActiveCfg = Release|Any CPU
		{78B7FF6B-6CA6-4AF9-B9A4-8FB0C24AF99A}.Release|Any CPU.Build.0 = Release|Any CPU
		{583101CA-B4B5-486A-AD5C-1E6F153E3E6E}.Debug|Any CPU.ActiveCfg = Debug|Any CPU
		{583101CA-B4B5-486A-AD5C-1E6F153E3E6E}.Debug|Any CPU.Build.0 = Debug|Any CPU
		{583101CA-B4B5-486A-AD5C-1E6F153E3E6E}.Release|Any CPU.ActiveCfg = Release|Any CPU
		{583101CA-B4B5-486A-AD5C-1E6F153E3E6E}.Release|Any CPU.Build.0 = Release|Any CPU
		{2D13117B-244E-40A8-9C9E-9ACB242C5B60}.Debug|Any CPU.ActiveCfg = Debug|Any CPU
		{2D13117B-244E-40A8-9C9E-9ACB242C5B60}.Debug|Any CPU.Build.0 = Debug|Any CPU
		{2D13117B-244E-40A8-9C9E-9ACB242C5B60}.Release|Any CPU.ActiveCfg = Release|Any CPU
		{2D13117B-244E-40A8-9C9E-9ACB242C5B60}.Release|Any CPU.Build.0 = Release|Any CPU
		{61E19A42-7A7E-4AB3-9788-B871FCEC3CC4}.Debug|Any CPU.ActiveCfg = Debug|Any CPU
		{61E19A42-7A7E-4AB3-9788-B871FCEC3CC4}.Debug|Any CPU.Build.0 = Debug|Any CPU
		{61E19A42-7A7E-4AB3-9788-B871FCEC3CC4}.Release|Any CPU.ActiveCfg = Release|Any CPU
		{61E19A42-7A7E-4AB3-9788-B871FCEC3CC4}.Release|Any CPU.Build.0 = Release|Any CPU
		{A903804D-60CC-4458-A28B-1D7B3BF8A447}.Debug|Any CPU.ActiveCfg = Debug|Any CPU
		{A903804D-60CC-4458-A28B-1D7B3BF8A447}.Debug|Any CPU.Build.0 = Debug|Any CPU
		{A903804D-60CC-4458-A28B-1D7B3BF8A447}.Release|Any CPU.ActiveCfg = Release|Any CPU
		{A903804D-60CC-4458-A28B-1D7B3BF8A447}.Release|Any CPU.Build.0 = Release|Any CPU
		{09D2B9C5-A975-45CF-8C29-E896256746C7}.Debug|Any CPU.ActiveCfg = Debug|Any CPU
		{09D2B9C5-A975-45CF-8C29-E896256746C7}.Debug|Any CPU.Build.0 = Debug|Any CPU
		{09D2B9C5-A975-45CF-8C29-E896256746C7}.Release|Any CPU.ActiveCfg = Release|Any CPU
		{09D2B9C5-A975-45CF-8C29-E896256746C7}.Release|Any CPU.Build.0 = Release|Any CPU
		{C1063B94-D846-4067-ABC6-4DD6B47C9D17}.Debug|Any CPU.ActiveCfg = Debug|Any CPU
		{C1063B94-D846-4067-ABC6-4DD6B47C9D17}.Debug|Any CPU.Build.0 = Debug|Any CPU
		{C1063B94-D846-4067-ABC6-4DD6B47C9D17}.Release|Any CPU.ActiveCfg = Release|Any CPU
		{C1063B94-D846-4067-ABC6-4DD6B47C9D17}.Release|Any CPU.Build.0 = Release|Any CPU
		{7C6BE7D7-711B-4308-8E7F-B652064F9A71}.Debug|Any CPU.ActiveCfg = Debug|Any CPU
		{7C6BE7D7-711B-4308-8E7F-B652064F9A71}.Debug|Any CPU.Build.0 = Debug|Any CPU
		{7C6BE7D7-711B-4308-8E7F-B652064F9A71}.Release|Any CPU.ActiveCfg = Release|Any CPU
		{7C6BE7D7-711B-4308-8E7F-B652064F9A71}.Release|Any CPU.Build.0 = Release|Any CPU
		{F6913F94-2901-4740-A3FE-CBD46842B52C}.Debug|Any CPU.ActiveCfg = Debug|Any CPU
		{F6913F94-2901-4740-A3FE-CBD46842B52C}.Debug|Any CPU.Build.0 = Debug|Any CPU
		{F6913F94-2901-4740-A3FE-CBD46842B52C}.Release|Any CPU.ActiveCfg = Release|Any CPU
		{F6913F94-2901-4740-A3FE-CBD46842B52C}.Release|Any CPU.Build.0 = Release|Any CPU
		{CEC0C622-2CB1-4CA0-874B-E2EEAE7EA68B}.Debug|Any CPU.ActiveCfg = Debug|Any CPU
		{CEC0C622-2CB1-4CA0-874B-E2EEAE7EA68B}.Debug|Any CPU.Build.0 = Debug|Any CPU
		{CEC0C622-2CB1-4CA0-874B-E2EEAE7EA68B}.Release|Any CPU.ActiveCfg = Release|Any CPU
		{CEC0C622-2CB1-4CA0-874B-E2EEAE7EA68B}.Release|Any CPU.Build.0 = Release|Any CPU
		{71735DF4-0427-406B-9F78-85B7D3E5643A}.Debug|Any CPU.ActiveCfg = Debug|Any CPU
		{71735DF4-0427-406B-9F78-85B7D3E5643A}.Debug|Any CPU.Build.0 = Debug|Any CPU
		{71735DF4-0427-406B-9F78-85B7D3E5643A}.Release|Any CPU.ActiveCfg = Release|Any CPU
		{71735DF4-0427-406B-9F78-85B7D3E5643A}.Release|Any CPU.Build.0 = Release|Any CPU
	EndGlobalSection
	GlobalSection(SolutionProperties) = preSolution
		HideSolutionNode = FALSE
	EndGlobalSection
	GlobalSection(ExtensibilityGlobals) = postSolution
		SolutionGuid = {C432B18B-F810-49DC-AD88-9AA7928BF660}
	EndGlobalSection
EndGlobal
