
Microsoft Visual Studio Solution File, Format Version 12.00
# Visual Studio 15
VisualStudioVersion = 15.0.28010.2050
MinimumVisualStudioVersion = 10.0.40219.1
Project("{FAE04EC0-301F-11D3-BF4B-00C04F79EFBC}") = "Sort Numbers", "Sort Numbers\Sort Numbers.csproj", "{3ACE9EBD-06CB-47FD-9ED3-23EAB6CB6BBB}"
EndProject
Project("{FAE04EC0-301F-11D3-BF4B-00C04F79EFBC}") = "English Name of the Last Digit", "English Name of the Last Digit\English Name of the Last Digit.csproj", "{C85D927C-BD50-4DDC-8BDE-BD6A9C423245}"
EndProject
Project("{FAE04EC0-301F-11D3-BF4B-00C04F79EFBC}") = "Gaming Store", "Gaming Store\Gaming Store.csproj", "{DA5E523E-14BE-48C9-8E4E-5F296B9921EB}"
EndProject
Project("{FAE04EC0-301F-11D3-BF4B-00C04F79EFBC}") = "Reverse String", "Reverse String\Reverse String.csproj", "{821753DD-D289-41CD-9EA2-6F5E1475AB99}"
EndProject
Project("{FAE04EC0-301F-11D3-BF4B-00C04F79EFBC}") = "Messages", "Messages\Messages.csproj", "{8D9A66CC-F3D9-4312-BE56-2A5C78AE680F}"
EndProject
Global
	GlobalSection(SolutionConfigurationPlatforms) = preSolution
		Debug|Any CPU = Debug|Any CPU
		Release|Any CPU = Release|Any CPU
	EndGlobalSection
	GlobalSection(ProjectConfigurationPlatforms) = postSolution
		{3ACE9EBD-06CB-47FD-9ED3-23EAB6CB6BBB}.Debug|Any CPU.ActiveCfg = Debug|Any CPU
		{3ACE9EBD-06CB-47FD-9ED3-23EAB6CB6BBB}.Debug|Any CPU.Build.0 = Debug|Any CPU
		{3ACE9EBD-06CB-47FD-9ED3-23EAB6CB6BBB}.Release|Any CPU.ActiveCfg = Release|Any CPU
		{3ACE9EBD-06CB-47FD-9ED3-23EAB6CB6BBB}.Release|Any CPU.Build.0 = Release|Any CPU
		{C85D927C-BD50-4DDC-8BDE-BD6A9C423245}.Debug|Any CPU.ActiveCfg = Debug|Any CPU
		{C85D927C-BD50-4DDC-8BDE-BD6A9C423245}.Debug|Any CPU.Build.0 = Debug|Any CPU
		{C85D927C-BD50-4DDC-8BDE-BD6A9C423245}.Release|Any CPU.ActiveCfg = Release|Any CPU
		{C85D927C-BD50-4DDC-8BDE-BD6A9C423245}.Release|Any CPU.Build.0 = Release|Any CPU
		{DA5E523E-14BE-48C9-8E4E-5F296B9921EB}.Debug|Any CPU.ActiveCfg = Debug|Any CPU
		{DA5E523E-14BE-48C9-8E4E-5F296B9921EB}.Debug|Any CPU.Build.0 = Debug|Any CPU
		{DA5E523E-14BE-48C9-8E4E-5F296B9921EB}.Release|Any CPU.ActiveCfg = Release|Any CPU
		{DA5E523E-14BE-48C9-8E4E-5F296B9921EB}.Release|Any CPU.Build.0 = Release|Any CPU
		{821753DD-D289-41CD-9EA2-6F5E1475AB99}.Debug|Any CPU.ActiveCfg = Debug|Any CPU
		{821753DD-D289-41CD-9EA2-6F5E1475AB99}.Debug|Any CPU.Build.0 = Debug|Any CPU
		{821753DD-D289-41CD-9EA2-6F5E1475AB99}.Release|Any CPU.ActiveCfg = Release|Any CPU
		{821753DD-D289-41CD-9EA2-6F5E1475AB99}.Release|Any CPU.Build.0 = Release|Any CPU
		{8D9A66CC-F3D9-4312-BE56-2A5C78AE680F}.Debug|Any CPU.ActiveCfg = Debug|Any CPU
		{8D9A66CC-F3D9-4312-BE56-2A5C78AE680F}.Debug|Any CPU.Build.0 = Debug|Any CPU
		{8D9A66CC-F3D9-4312-BE56-2A5C78AE680F}.Release|Any CPU.ActiveCfg = Release|Any CPU
		{8D9A66CC-F3D9-4312-BE56-2A5C78AE680F}.Release|Any CPU.Build.0 = Release|Any CPU
	EndGlobalSection
	GlobalSection(SolutionProperties) = preSolution
		HideSolutionNode = FALSE
	EndGlobalSection
	GlobalSection(ExtensibilityGlobals) = postSolution
		SolutionGuid = {16CA8175-B52B-435E-9ABE-228A6DB4F8B1}
	EndGlobalSection
EndGlobal
