
Microsoft Visual Studio Solution File, Format Version 12.00
# Visual Studio 15
VisualStudioVersion = 15.0.28010.2050
MinimumVisualStudioVersion = 10.0.40219.1
Project("{FAE04EC0-301F-11D3-BF4B-00C04F79EFBC}") = "Car1", "Car\Car1.csproj", "{4E603D9B-64B1-475C-B58F-8BE9A2441364}"
EndProject
Project("{FAE04EC0-301F-11D3-BF4B-00C04F79EFBC}") = "CarExtension", "CarExtension\CarExtension.csproj", "{7E18DA06-4407-49E9-80F6-93BFA778ED32}"
EndProject
Project("{FAE04EC0-301F-11D3-BF4B-00C04F79EFBC}") = "Car Constructors", "Car Constructors\Car Constructors.csproj", "{491D8617-047A-4039-9A00-1E5EAEC95664}"
EndProject
Project("{FAE04EC0-301F-11D3-BF4B-00C04F79EFBC}") = "Car Engine and Tires", "Car Engine and Tires\Car Engine and Tires.csproj", "{54DA5C94-4D81-4B16-9BB4-2D82AAAAADDB}"
EndProject
Project("{FAE04EC0-301F-11D3-BF4B-00C04F79EFBC}") = "Special Cars", "Special Cars\Special Cars.csproj", "{729ED10E-9A0B-4E5B-9F35-E50744467CDE}"
EndProject
Global
	GlobalSection(SolutionConfigurationPlatforms) = preSolution
		Debug|Any CPU = Debug|Any CPU
		Release|Any CPU = Release|Any CPU
	EndGlobalSection
	GlobalSection(ProjectConfigurationPlatforms) = postSolution
		{4E603D9B-64B1-475C-B58F-8BE9A2441364}.Debug|Any CPU.ActiveCfg = Debug|Any CPU
		{4E603D9B-64B1-475C-B58F-8BE9A2441364}.Debug|Any CPU.Build.0 = Debug|Any CPU
		{4E603D9B-64B1-475C-B58F-8BE9A2441364}.Release|Any CPU.ActiveCfg = Release|Any CPU
		{4E603D9B-64B1-475C-B58F-8BE9A2441364}.Release|Any CPU.Build.0 = Release|Any CPU
		{7E18DA06-4407-49E9-80F6-93BFA778ED32}.Debug|Any CPU.ActiveCfg = Debug|Any CPU
		{7E18DA06-4407-49E9-80F6-93BFA778ED32}.Debug|Any CPU.Build.0 = Debug|Any CPU
		{7E18DA06-4407-49E9-80F6-93BFA778ED32}.Release|Any CPU.ActiveCfg = Release|Any CPU
		{7E18DA06-4407-49E9-80F6-93BFA778ED32}.Release|Any CPU.Build.0 = Release|Any CPU
		{491D8617-047A-4039-9A00-1E5EAEC95664}.Debug|Any CPU.ActiveCfg = Debug|Any CPU
		{491D8617-047A-4039-9A00-1E5EAEC95664}.Debug|Any CPU.Build.0 = Debug|Any CPU
		{491D8617-047A-4039-9A00-1E5EAEC95664}.Release|Any CPU.ActiveCfg = Release|Any CPU
		{491D8617-047A-4039-9A00-1E5EAEC95664}.Release|Any CPU.Build.0 = Release|Any CPU
		{54DA5C94-4D81-4B16-9BB4-2D82AAAAADDB}.Debug|Any CPU.ActiveCfg = Debug|Any CPU
		{54DA5C94-4D81-4B16-9BB4-2D82AAAAADDB}.Debug|Any CPU.Build.0 = Debug|Any CPU
		{54DA5C94-4D81-4B16-9BB4-2D82AAAAADDB}.Release|Any CPU.ActiveCfg = Release|Any CPU
		{54DA5C94-4D81-4B16-9BB4-2D82AAAAADDB}.Release|Any CPU.Build.0 = Release|Any CPU
		{729ED10E-9A0B-4E5B-9F35-E50744467CDE}.Debug|Any CPU.ActiveCfg = Debug|Any CPU
		{729ED10E-9A0B-4E5B-9F35-E50744467CDE}.Debug|Any CPU.Build.0 = Debug|Any CPU
		{729ED10E-9A0B-4E5B-9F35-E50744467CDE}.Release|Any CPU.ActiveCfg = Release|Any CPU
		{729ED10E-9A0B-4E5B-9F35-E50744467CDE}.Release|Any CPU.Build.0 = Release|Any CPU
	EndGlobalSection
	GlobalSection(SolutionProperties) = preSolution
		HideSolutionNode = FALSE
	EndGlobalSection
	GlobalSection(ExtensibilityGlobals) = postSolution
		SolutionGuid = {1CAB4D18-90FD-4618-9C65-FD224DACB833}
	EndGlobalSection
EndGlobal
